
Microsoft Visual Studio Solution File, Format Version 12.00
# Visual Studio Version 16
VisualStudioVersion = 16.0.30406.217
MinimumVisualStudioVersion = 10.0.40219.1
Project("{FAE04EC0-301F-11D3-BF4B-00C04F79EFBC}") = "Boxing_Unboxing", "Value_Reference_Types\Boxing_Unboxing.csproj", "{83F1755F-A865-4B39-8108-56AAB1F85870}"
EndProject
Project("{FAE04EC0-301F-11D3-BF4B-00C04F79EFBC}") = "Immutable-Class", "Immutable-Class\Immutable-Class.csproj", "{2C40C869-7902-4357-A55F-91B1579607E7}"
EndProject
Project("{FAE04EC0-301F-11D3-BF4B-00C04F79EFBC}") = "IEnumerable_VS_IQueryable", "IEnumerable_VS_IQueryable\IEnumerable_VS_IQueryable.csproj", "{B7246B2D-02F2-4AC9-AC1E-241B6EC5906B}"
EndProject
Project("{FAE04EC0-301F-11D3-BF4B-00C04F79EFBC}") = "HashTable_vs_List", "HashTable_vs_List\HashTable_vs_List.csproj", "{63EBE08E-B01A-4DA7-AEE2-7C2629599BF8}"
EndProject
Project("{FAE04EC0-301F-11D3-BF4B-00C04F79EFBC}") = "HashSet_Example", "HashSet_Example\HashSet_Example.csproj", "{24CDD965-CE86-411D-ACB2-88ED49CED9D4}"
EndProject
Global
	GlobalSection(SolutionConfigurationPlatforms) = preSolution
		Debug|Any CPU = Debug|Any CPU
		Release|Any CPU = Release|Any CPU
	EndGlobalSection
	GlobalSection(ProjectConfigurationPlatforms) = postSolution
		{83F1755F-A865-4B39-8108-56AAB1F85870}.Debug|Any CPU.ActiveCfg = Debug|Any CPU
		{83F1755F-A865-4B39-8108-56AAB1F85870}.Debug|Any CPU.Build.0 = Debug|Any CPU
		{83F1755F-A865-4B39-8108-56AAB1F85870}.Release|Any CPU.ActiveCfg = Release|Any CPU
		{83F1755F-A865-4B39-8108-56AAB1F85870}.Release|Any CPU.Build.0 = Release|Any CPU
		{2C40C869-7902-4357-A55F-91B1579607E7}.Debug|Any CPU.ActiveCfg = Debug|Any CPU
		{2C40C869-7902-4357-A55F-91B1579607E7}.Debug|Any CPU.Build.0 = Debug|Any CPU
		{2C40C869-7902-4357-A55F-91B1579607E7}.Release|Any CPU.ActiveCfg = Release|Any CPU
		{2C40C869-7902-4357-A55F-91B1579607E7}.Release|Any CPU.Build.0 = Release|Any CPU
		{B7246B2D-02F2-4AC9-AC1E-241B6EC5906B}.Debug|Any CPU.ActiveCfg = Debug|Any CPU
		{B7246B2D-02F2-4AC9-AC1E-241B6EC5906B}.Debug|Any CPU.Build.0 = Debug|Any CPU
		{B7246B2D-02F2-4AC9-AC1E-241B6EC5906B}.Release|Any CPU.ActiveCfg = Release|Any CPU
		{B7246B2D-02F2-4AC9-AC1E-241B6EC5906B}.Release|Any CPU.Build.0 = Release|Any CPU
		{63EBE08E-B01A-4DA7-AEE2-7C2629599BF8}.Debug|Any CPU.ActiveCfg = Debug|Any CPU
		{63EBE08E-B01A-4DA7-AEE2-7C2629599BF8}.Debug|Any CPU.Build.0 = Debug|Any CPU
		{63EBE08E-B01A-4DA7-AEE2-7C2629599BF8}.Release|Any CPU.ActiveCfg = Release|Any CPU
		{63EBE08E-B01A-4DA7-AEE2-7C2629599BF8}.Release|Any CPU.Build.0 = Release|Any CPU
		{24CDD965-CE86-411D-ACB2-88ED49CED9D4}.Debug|Any CPU.ActiveCfg = Debug|Any CPU
		{24CDD965-CE86-411D-ACB2-88ED49CED9D4}.Debug|Any CPU.Build.0 = Debug|Any CPU
		{24CDD965-CE86-411D-ACB2-88ED49CED9D4}.Release|Any CPU.ActiveCfg = Release|Any CPU
		{24CDD965-CE86-411D-ACB2-88ED49CED9D4}.Release|Any CPU.Build.0 = Release|Any CPU
	EndGlobalSection
	GlobalSection(SolutionProperties) = preSolution
		HideSolutionNode = FALSE
	EndGlobalSection
	GlobalSection(ExtensibilityGlobals) = postSolution
		SolutionGuid = {27B1B8AE-26B7-48F5-AE9F-095036EE93FB}
	EndGlobalSection
EndGlobal
