
Microsoft Visual Studio Solution File, Format Version 12.00
# Visual Studio Version 16
VisualStudioVersion = 16.0.30406.217
MinimumVisualStudioVersion = 10.0.40219.1
Project("{9A19103F-16F7-4668-BE54-9A1E7A4F7556}") = "Boxing_Unboxing", "Value_Reference_Types\Boxing_Unboxing.csproj", "{83F1755F-A865-4B39-8108-56AAB1F85870}"
EndProject
Project("{9A19103F-16F7-4668-BE54-9A1E7A4F7556}") = "Immutable-Class", "Immutable-Class\Immutable-Class.csproj", "{2C40C869-7902-4357-A55F-91B1579607E7}"
EndProject
Project("{9A19103F-16F7-4668-BE54-9A1E7A4F7556}") = "IEnumerable_VS_IQueryable", "IEnumerable_VS_IQueryable\IEnumerable_VS_IQueryable.csproj", "{B7246B2D-02F2-4AC9-AC1E-241B6EC5906B}"
EndProject
Project("{9A19103F-16F7-4668-BE54-9A1E7A4F7556}") = "HashTable_vs_List", "HashTable_vs_List\HashTable_vs_List.csproj", "{63EBE08E-B01A-4DA7-AEE2-7C2629599BF8}"
EndProject
Project("{9A19103F-16F7-4668-BE54-9A1E7A4F7556}") = "HashSet_Example", "HashSet_Example\HashSet_Example.csproj", "{24CDD965-CE86-411D-ACB2-88ED49CED9D4}"
EndProject
Project("{9A19103F-16F7-4668-BE54-9A1E7A4F7556}") = "List_example", "List_example\List_example.csproj", "{C03B04C1-416C-4BE8-9D36-6ED832E91E8A}"
EndProject
Project("{9A19103F-16F7-4668-BE54-9A1E7A4F7556}") = "Dictionary_Example", "Dictionary_Example\Dictionary_Example.csproj", "{A5D2C629-1F12-4916-89F3-646CDDAC4839}"
EndProject
Project("{2150E333-8FDC-42A3-9474-1A3956D46DE8}") = "Solution Items", "Solution Items", "{474A9C37-99FF-4AED-9C1F-88EAEF0AA059}"
	ProjectSection(SolutionItems) = preProject
		Education Plan.txt = Education Plan.txt
	EndProjectSection
EndProject
Project("{FAE04EC0-301F-11D3-BF4B-00C04F79EFBC}") = "Arrays_Example", "Arrays_Example\Arrays_Example.csproj", "{A2338E7E-F94A-4F94-9169-F26F61C6AF8C}"
EndProject
Global
	GlobalSection(SolutionConfigurationPlatforms) = preSolution
		Debug|Any CPU = Debug|Any CPU
		Release|Any CPU = Release|Any CPU
	EndGlobalSection
	GlobalSection(ProjectConfigurationPlatforms) = postSolution
		{83F1755F-A865-4B39-8108-56AAB1F85870}.Debug|Any CPU.ActiveCfg = Debug|Any CPU
		{83F1755F-A865-4B39-8108-56AAB1F85870}.Debug|Any CPU.Build.0 = Debug|Any CPU
		{83F1755F-A865-4B39-8108-56AAB1F85870}.Release|Any CPU.ActiveCfg = Release|Any CPU
		{83F1755F-A865-4B39-8108-56AAB1F85870}.Release|Any CPU.Build.0 = Release|Any CPU
		{2C40C869-7902-4357-A55F-91B1579607E7}.Debug|Any CPU.ActiveCfg = Debug|Any CPU
		{2C40C869-7902-4357-A55F-91B1579607E7}.Debug|Any CPU.Build.0 = Debug|Any CPU
		{2C40C869-7902-4357-A55F-91B1579607E7}.Release|Any CPU.ActiveCfg = Release|Any CPU
		{2C40C869-7902-4357-A55F-91B1579607E7}.Release|Any CPU.Build.0 = Release|Any CPU
		{B7246B2D-02F2-4AC9-AC1E-241B6EC5906B}.Debug|Any CPU.ActiveCfg = Debug|Any CPU
		{B7246B2D-02F2-4AC9-AC1E-241B6EC5906B}.Debug|Any CPU.Build.0 = Debug|Any CPU
		{B7246B2D-02F2-4AC9-AC1E-241B6EC5906B}.Release|Any CPU.ActiveCfg = Release|Any CPU
		{B7246B2D-02F2-4AC9-AC1E-241B6EC5906B}.Release|Any CPU.Build.0 = Release|Any CPU
		{63EBE08E-B01A-4DA7-AEE2-7C2629599BF8}.Debug|Any CPU.ActiveCfg = Debug|Any CPU
		{63EBE08E-B01A-4DA7-AEE2-7C2629599BF8}.Debug|Any CPU.Build.0 = Debug|Any CPU
		{63EBE08E-B01A-4DA7-AEE2-7C2629599BF8}.Release|Any CPU.ActiveCfg = Release|Any CPU
		{63EBE08E-B01A-4DA7-AEE2-7C2629599BF8}.Release|Any CPU.Build.0 = Release|Any CPU
		{24CDD965-CE86-411D-ACB2-88ED49CED9D4}.Debug|Any CPU.ActiveCfg = Debug|Any CPU
		{24CDD965-CE86-411D-ACB2-88ED49CED9D4}.Debug|Any CPU.Build.0 = Debug|Any CPU
		{24CDD965-CE86-411D-ACB2-88ED49CED9D4}.Release|Any CPU.ActiveCfg = Release|Any CPU
		{24CDD965-CE86-411D-ACB2-88ED49CED9D4}.Release|Any CPU.Build.0 = Release|Any CPU
		{C03B04C1-416C-4BE8-9D36-6ED832E91E8A}.Debug|Any CPU.ActiveCfg = Debug|Any CPU
		{C03B04C1-416C-4BE8-9D36-6ED832E91E8A}.Debug|Any CPU.Build.0 = Debug|Any CPU
		{C03B04C1-416C-4BE8-9D36-6ED832E91E8A}.Release|Any CPU.ActiveCfg = Release|Any CPU
		{C03B04C1-416C-4BE8-9D36-6ED832E91E8A}.Release|Any CPU.Build.0 = Release|Any CPU
		{A5D2C629-1F12-4916-89F3-646CDDAC4839}.Debug|Any CPU.ActiveCfg = Debug|Any CPU
		{A5D2C629-1F12-4916-89F3-646CDDAC4839}.Debug|Any CPU.Build.0 = Debug|Any CPU
		{A5D2C629-1F12-4916-89F3-646CDDAC4839}.Release|Any CPU.ActiveCfg = Release|Any CPU
		{A5D2C629-1F12-4916-89F3-646CDDAC4839}.Release|Any CPU.Build.0 = Release|Any CPU
		{A2338E7E-F94A-4F94-9169-F26F61C6AF8C}.Debug|Any CPU.ActiveCfg = Debug|Any CPU
		{A2338E7E-F94A-4F94-9169-F26F61C6AF8C}.Debug|Any CPU.Build.0 = Debug|Any CPU
		{A2338E7E-F94A-4F94-9169-F26F61C6AF8C}.Release|Any CPU.ActiveCfg = Release|Any CPU
		{A2338E7E-F94A-4F94-9169-F26F61C6AF8C}.Release|Any CPU.Build.0 = Release|Any CPU
	EndGlobalSection
	GlobalSection(SolutionProperties) = preSolution
		HideSolutionNode = FALSE
	EndGlobalSection
	GlobalSection(ExtensibilityGlobals) = postSolution
		SolutionGuid = {27B1B8AE-26B7-48F5-AE9F-095036EE93FB}
	EndGlobalSection
EndGlobal
